
Microsoft Visual Studio Solution File, Format Version 12.00
# Visual Studio Version 17
VisualStudioVersion = 17.11.35222.181
MinimumVisualStudioVersion = 10.0.40219.1
Project("{9A19103F-16F7-4668-BE54-9A1E7A4F7556}") = "WebExcellence", "WebExcellence\WebExcellence.csproj", "{7C7CBF0E-6C11-4C7E-8E25-4CB8D713E0EA}"
EndProject
Project("{9A19103F-16F7-4668-BE54-9A1E7A4F7556}") = "WebExcellence.External.Api.BooksClient", "WebExcellence.External.Api.BooksClient\WebExcellence.External.Api.BooksClient.csproj", "{118A8744-8D6A-4A91-93F5-83739D8F1B4E}"
EndProject
Project("{9A19103F-16F7-4668-BE54-9A1E7A4F7556}") = "WebExcellence.Api.BooksClient.IntergrationTests", "WebExcellence.Api.BooksClient.IntergrationTests\WebExcellence.Api.BooksClient.IntergrationTests.csproj", "{4F117CF9-F63A-42DA-9EA8-15C90C4A2338}"
EndProject
Project("{9A19103F-16F7-4668-BE54-9A1E7A4F7556}") = "WebExcellence.Api.BooksClient", "WebExcellence.Api.BooksClient\WebExcellence.Api.BooksClient.csproj", "{699D469C-B351-497B-A570-0E68A9042BA6}"
EndProject
Project("{2150E333-8FDC-42A3-9474-1A3956D46DE8}") = "External", "External", "{18322B4F-5B23-4CE3-B75A-57C1B61DE5C6}"
EndProject
Project("{9A19103F-16F7-4668-BE54-9A1E7A4F7556}") = "WebExcellence.Api.BooksClient.UnitTests", "WebExcellence.Api.BooksClient.UnitTests\WebExcellence.Api.BooksClient.UnitTests.csproj", "{EC0D3D28-86A4-4883-BB90-549EB9B9D579}"
EndProject
Project("{2150E333-8FDC-42A3-9474-1A3956D46DE8}") = "Api", "Api", "{3A9E7585-FAE3-4659-89DC-B10A0C392730}"
EndProject
Project("{FAE04EC0-301F-11D3-BF4B-00C04F79EFBC}") = "WebExcellence.Application", "WebExcellence.Application\WebExcellence.Application.csproj", "{B521F816-A775-4FAF-BFB2-4E1B9EA87DF2}"
EndProject
Project("{FAE04EC0-301F-11D3-BF4B-00C04F79EFBC}") = "WebExcellence.Application.UnitTests", "WebExcellence.Application.UnitTests\WebExcellence.Application.UnitTests.csproj", "{BEC31324-B6A5-44FA-AABC-096924F40822}"
EndProject
Global
	GlobalSection(SolutionConfigurationPlatforms) = preSolution
		Debug|Any CPU = Debug|Any CPU
		Release|Any CPU = Release|Any CPU
	EndGlobalSection
	GlobalSection(ProjectConfigurationPlatforms) = postSolution
		{7C7CBF0E-6C11-4C7E-8E25-4CB8D713E0EA}.Debug|Any CPU.ActiveCfg = Debug|Any CPU
		{7C7CBF0E-6C11-4C7E-8E25-4CB8D713E0EA}.Debug|Any CPU.Build.0 = Debug|Any CPU
		{7C7CBF0E-6C11-4C7E-8E25-4CB8D713E0EA}.Release|Any CPU.ActiveCfg = Release|Any CPU
		{7C7CBF0E-6C11-4C7E-8E25-4CB8D713E0EA}.Release|Any CPU.Build.0 = Release|Any CPU
		{118A8744-8D6A-4A91-93F5-83739D8F1B4E}.Debug|Any CPU.ActiveCfg = Debug|Any CPU
		{118A8744-8D6A-4A91-93F5-83739D8F1B4E}.Debug|Any CPU.Build.0 = Debug|Any CPU
		{118A8744-8D6A-4A91-93F5-83739D8F1B4E}.Release|Any CPU.ActiveCfg = Release|Any CPU
		{118A8744-8D6A-4A91-93F5-83739D8F1B4E}.Release|Any CPU.Build.0 = Release|Any CPU
		{4F117CF9-F63A-42DA-9EA8-15C90C4A2338}.Debug|Any CPU.ActiveCfg = Debug|Any CPU
		{4F117CF9-F63A-42DA-9EA8-15C90C4A2338}.Debug|Any CPU.Build.0 = Debug|Any CPU
		{4F117CF9-F63A-42DA-9EA8-15C90C4A2338}.Release|Any CPU.ActiveCfg = Release|Any CPU
		{4F117CF9-F63A-42DA-9EA8-15C90C4A2338}.Release|Any CPU.Build.0 = Release|Any CPU
		{699D469C-B351-497B-A570-0E68A9042BA6}.Debug|Any CPU.ActiveCfg = Debug|Any CPU
		{699D469C-B351-497B-A570-0E68A9042BA6}.Debug|Any CPU.Build.0 = Debug|Any CPU
		{699D469C-B351-497B-A570-0E68A9042BA6}.Release|Any CPU.ActiveCfg = Release|Any CPU
		{699D469C-B351-497B-A570-0E68A9042BA6}.Release|Any CPU.Build.0 = Release|Any CPU
		{EC0D3D28-86A4-4883-BB90-549EB9B9D579}.Debug|Any CPU.ActiveCfg = Debug|Any CPU
		{EC0D3D28-86A4-4883-BB90-549EB9B9D579}.Debug|Any CPU.Build.0 = Debug|Any CPU
		{EC0D3D28-86A4-4883-BB90-549EB9B9D579}.Release|Any CPU.ActiveCfg = Release|Any CPU
		{EC0D3D28-86A4-4883-BB90-549EB9B9D579}.Release|Any CPU.Build.0 = Release|Any CPU
		{B521F816-A775-4FAF-BFB2-4E1B9EA87DF2}.Debug|Any CPU.ActiveCfg = Debug|Any CPU
		{B521F816-A775-4FAF-BFB2-4E1B9EA87DF2}.Debug|Any CPU.Build.0 = Debug|Any CPU
		{B521F816-A775-4FAF-BFB2-4E1B9EA87DF2}.Release|Any CPU.ActiveCfg = Release|Any CPU
		{B521F816-A775-4FAF-BFB2-4E1B9EA87DF2}.Release|Any CPU.Build.0 = Release|Any CPU
		{BEC31324-B6A5-44FA-AABC-096924F40822}.Debug|Any CPU.ActiveCfg = Debug|Any CPU
		{BEC31324-B6A5-44FA-AABC-096924F40822}.Debug|Any CPU.Build.0 = Debug|Any CPU
		{BEC31324-B6A5-44FA-AABC-096924F40822}.Release|Any CPU.ActiveCfg = Release|Any CPU
		{BEC31324-B6A5-44FA-AABC-096924F40822}.Release|Any CPU.Build.0 = Release|Any CPU
	EndGlobalSection
	GlobalSection(SolutionProperties) = preSolution
		HideSolutionNode = FALSE
	EndGlobalSection
	GlobalSection(NestedProjects) = preSolution
		{118A8744-8D6A-4A91-93F5-83739D8F1B4E} = {18322B4F-5B23-4CE3-B75A-57C1B61DE5C6}
		{4F117CF9-F63A-42DA-9EA8-15C90C4A2338} = {3A9E7585-FAE3-4659-89DC-B10A0C392730}
		{699D469C-B351-497B-A570-0E68A9042BA6} = {3A9E7585-FAE3-4659-89DC-B10A0C392730}
		{18322B4F-5B23-4CE3-B75A-57C1B61DE5C6} = {3A9E7585-FAE3-4659-89DC-B10A0C392730}
		{EC0D3D28-86A4-4883-BB90-549EB9B9D579} = {3A9E7585-FAE3-4659-89DC-B10A0C392730}
	EndGlobalSection
	GlobalSection(ExtensibilityGlobals) = postSolution
		SolutionGuid = {0EAFA8B3-4D04-482A-BD09-D4A877E17272}
	EndGlobalSection
EndGlobal
